{
  "name": "glyph-party",
  "version": "0.1.0",
  "lockfileVersion": 3,
  "requires": true,
  "packages": {
    "": {
      "name": "glyph-party",
      "version": "0.1.0",
      "license": "MIT",
      "devDependencies": {
        "ucd-full": "^17.0.0"
      },
      "engines": {
        "node": ">=16.0.0"
      }
    },
    "node_modules/ucd-full": {
      "version": "17.0.0",
      "resolved": "https://registry.npmjs.org/ucd-full/-/ucd-full-17.0.0.tgz",
      "integrity": "sha512-2gDrJmeiVwzRYfhSje3c4H7ZjRsE2hlkIf9+CbyCwdY1rp+pzm6wAMD92Yi2P2mdEsrWZJU0SIUruhDiXY8kuA==",
      "dev": true,
      "license": "Apache-2.0"
    }
  }
}
